// !$*UTF8*$!
{
	archiveVersion = 1;
	classes = {
	};
	objectVersion = 46;
	objects = {

/* Begin PBXBuildFile section */
		820A4D0D1E466DD9002105D4 /* DashboardViewController.swift in Sources */ = {isa = PBXBuildFile; fileRef = 820A4D0C1E466DD9002105D4 /* DashboardViewController.swift */; };
		820A4D0F1E466F70002105D4 /* LoginViewController.swift in Sources */ = {isa = PBXBuildFile; fileRef = 820A4D0E1E466F70002105D4 /* LoginViewController.swift */; };
		820A4D111E46758A002105D4 /* FriendsListTableViewController.swift in Sources */ = {isa = PBXBuildFile; fileRef = 820A4D101E46758A002105D4 /* FriendsListTableViewController.swift */; };
		820A4D171E467724002105D4 /* FriendTableViewCell.swift in Sources */ = {isa = PBXBuildFile; fileRef = 820A4D161E467724002105D4 /* FriendTableViewCell.swift */; };
		820A4D191E467BDF002105D4 /* FriendViewController.swift in Sources */ = {isa = PBXBuildFile; fileRef = 820A4D181E467BDF002105D4 /* FriendViewController.swift */; };
		820A4D1C1E467F3E002105D4 /* User.swift in Sources */ = {isa = PBXBuildFile; fileRef = 820A4D1B1E467F3E002105D4 /* User.swift */; };
		820A4D1E1E468166002105D4 /* Transaction.swift in Sources */ = {isa = PBXBuildFile; fileRef = 820A4D1D1E468166002105D4 /* Transaction.swift */; };
		82BE39521E466B17006C8A5F /* AppDelegate.swift in Sources */ = {isa = PBXBuildFile; fileRef = 82BE39511E466B17006C8A5F /* AppDelegate.swift */; };
		82BE39571E466B17006C8A5F /* Main.storyboard in Resources */ = {isa = PBXBuildFile; fileRef = 82BE39551E466B17006C8A5F /* Main.storyboard */; };
		82BE39591E466B17006C8A5F /* Assets.xcassets in Resources */ = {isa = PBXBuildFile; fileRef = 82BE39581E466B17006C8A5F /* Assets.xcassets */; };
		82BE395C1E466B17006C8A5F /* LaunchScreen.storyboard in Resources */ = {isa = PBXBuildFile; fileRef = 82BE395A1E466B17006C8A5F /* LaunchScreen.storyboard */; };
		BE93E1FF0490BB1454D1DCA8 /* Pods_LAHApp.framework in Frameworks */ = {isa = PBXBuildFile; fileRef = 220DFCF2301AB78F4927AF74 /* Pods_LAHApp.framework */; };
/* End PBXBuildFile section */

/* Begin PBXFileReference section */
		05D18E5B0126146AC5B59CEB /* Pods-LAHApp.release.xcconfig */ = {isa = PBXFileReference; includeInIndex = 1; lastKnownFileType = text.xcconfig; name = "Pods-LAHApp.release.xcconfig"; path = "Pods/Target Support Files/Pods-LAHApp/Pods-LAHApp.release.xcconfig"; sourceTree = "<group>"; };
		220DFCF2301AB78F4927AF74 /* Pods_LAHApp.framework */ = {isa = PBXFileReference; explicitFileType = wrapper.framework; includeInIndex = 0; path = Pods_LAHApp.framework; sourceTree = BUILT_PRODUCTS_DIR; };
		365A550680ADDB2273FDF3F9 /* Pods-LAHApp.debug.xcconfig */ = {isa = PBXFileReference; includeInIndex = 1; lastKnownFileType = text.xcconfig; name = "Pods-LAHApp.debug.xcconfig"; path = "Pods/Target Support Files/Pods-LAHApp/Pods-LAHApp.debug.xcconfig"; sourceTree = "<group>"; };
		820A4D0C1E466DD9002105D4 /* DashboardViewController.swift */ = {isa = PBXFileReference; fileEncoding = 4; lastKnownFileType = sourcecode.swift; name = DashboardViewController.swift; path = ViewControllers/DashboardViewController.swift; sourceTree = "<group>"; };
		820A4D0E1E466F70002105D4 /* LoginViewController.swift */ = {isa = PBXFileReference; fileEncoding = 4; lastKnownFileType = sourcecode.swift; name = LoginViewController.swift; path = ViewControllers/LoginViewController.swift; sourceTree = "<group>"; };
		820A4D101E46758A002105D4 /* FriendsListTableViewController.swift */ = {isa = PBXFileReference; fileEncoding = 4; lastKnownFileType = sourcecode.swift; name = FriendsListTableViewController.swift; path = ViewControllers/FriendsListTableViewController.swift; sourceTree = "<group>"; };
		820A4D161E467724002105D4 /* FriendTableViewCell.swift */ = {isa = PBXFileReference; fileEncoding = 4; lastKnownFileType = sourcecode.swift; path = FriendTableViewCell.swift; sourceTree = "<group>"; };
		820A4D181E467BDF002105D4 /* FriendViewController.swift */ = {isa = PBXFileReference; fileEncoding = 4; lastKnownFileType = sourcecode.swift; name = FriendViewController.swift; path = ViewControllers/FriendViewController.swift; sourceTree = "<group>"; };
		820A4D1B1E467F3E002105D4 /* User.swift */ = {isa = PBXFileReference; fileEncoding = 4; lastKnownFileType = sourcecode.swift; path = User.swift; sourceTree = "<group>"; };
		820A4D1D1E468166002105D4 /* Transaction.swift */ = {isa = PBXFileReference; fileEncoding = 4; lastKnownFileType = sourcecode.swift; path = Transaction.swift; sourceTree = "<group>"; };
		82BE394E1E466B17006C8A5F /* LAHApp.app */ = {isa = PBXFileReference; explicitFileType = wrapper.application; includeInIndex = 0; path = LAHApp.app; sourceTree = BUILT_PRODUCTS_DIR; };
		82BE39511E466B17006C8A5F /* AppDelegate.swift */ = {isa = PBXFileReference; lastKnownFileType = sourcecode.swift; path = AppDelegate.swift; sourceTree = "<group>"; };
		82BE39561E466B17006C8A5F /* Base */ = {isa = PBXFileReference; lastKnownFileType = file.storyboard; name = Base; path = Base.lproj/Main.storyboard; sourceTree = "<group>"; };
		82BE39581E466B17006C8A5F /* Assets.xcassets */ = {isa = PBXFileReference; lastKnownFileType = folder.assetcatalog; path = Assets.xcassets; sourceTree = "<group>"; };
		82BE395B1E466B17006C8A5F /* Base */ = {isa = PBXFileReference; lastKnownFileType = file.storyboard; name = Base; path = Base.lproj/LaunchScreen.storyboard; sourceTree = "<group>"; };
		82BE395D1E466B17006C8A5F /* Info.plist */ = {isa = PBXFileReference; lastKnownFileType = text.plist.xml; path = Info.plist; sourceTree = "<group>"; };
/* End PBXFileReference section */

/* Begin PBXFrameworksBuildPhase section */
		82BE394B1E466B17006C8A5F /* Frameworks */ = {
			isa = PBXFrameworksBuildPhase;
			buildActionMask = 2147483647;
			files = (
				BE93E1FF0490BB1454D1DCA8 /* Pods_LAHApp.framework in Frameworks */,
			);
			runOnlyForDeploymentPostprocessing = 0;
		};
/* End PBXFrameworksBuildPhase section */

/* Begin PBXGroup section */
		137996E61499C8E549532F90 /* Pods */ = {
			isa = PBXGroup;
			children = (
				365A550680ADDB2273FDF3F9 /* Pods-LAHApp.debug.xcconfig */,
				05D18E5B0126146AC5B59CEB /* Pods-LAHApp.release.xcconfig */,
			);
			name = Pods;
			sourceTree = "<group>";
		};
		557CA3C873D2933BEEB2909D /* Frameworks */ = {
			isa = PBXGroup;
			children = (
				220DFCF2301AB78F4927AF74 /* Pods_LAHApp.framework */,
			);
			name = Frameworks;
			sourceTree = "<group>";
		};
		820A4D0B1E466DBD002105D4 /* ViewControllers */ = {
			isa = PBXGroup;
			children = (
				820A4D0C1E466DD9002105D4 /* DashboardViewController.swift */,
				820A4D0E1E466F70002105D4 /* LoginViewController.swift */,
				820A4D101E46758A002105D4 /* FriendsListTableViewController.swift */,
				820A4D181E467BDF002105D4 /* FriendViewController.swift */,
			);
			name = ViewControllers;
			sourceTree = "<group>";
		};
		820A4D151E467705002105D4 /* Views */ = {
			isa = PBXGroup;
			children = (
				820A4D161E467724002105D4 /* FriendTableViewCell.swift */,
			);
			path = Views;
			sourceTree = "<group>";
		};
		820A4D1A1E467F37002105D4 /* Models */ = {
			isa = PBXGroup;
			children = (
				820A4D1B1E467F3E002105D4 /* User.swift */,
				820A4D1D1E468166002105D4 /* Transaction.swift */,
			);
			path = Models;
			sourceTree = "<group>";
		};
		82BE39451E466B17006C8A5F = {
			isa = PBXGroup;
			children = (
				82BE39501E466B17006C8A5F /* LAHApp */,
				82BE394F1E466B17006C8A5F /* Products */,
				137996E61499C8E549532F90 /* Pods */,
				557CA3C873D2933BEEB2909D /* Frameworks */,
			);
			sourceTree = "<group>";
		};
		82BE394F1E466B17006C8A5F /* Products */ = {
			isa = PBXGroup;
			children = (
				82BE394E1E466B17006C8A5F /* LAHApp.app */,
			);
			name = Products;
			sourceTree = "<group>";
		};
		82BE39501E466B17006C8A5F /* LAHApp */ = {
			isa = PBXGroup;
			children = (
				820A4D1A1E467F37002105D4 /* Models */,
				820A4D151E467705002105D4 /* Views */,
				820A4D0B1E466DBD002105D4 /* ViewControllers */,
				82BE39511E466B17006C8A5F /* AppDelegate.swift */,
				82BE39551E466B17006C8A5F /* Main.storyboard */,
				82BE39581E466B17006C8A5F /* Assets.xcassets */,
				82BE395A1E466B17006C8A5F /* LaunchScreen.storyboard */,
				82BE395D1E466B17006C8A5F /* Info.plist */,
			);
			path = LAHApp;
			sourceTree = "<group>";
		};
/* End PBXGroup section */

/* Begin PBXNativeTarget section */
		82BE394D1E466B17006C8A5F /* LAHApp */ = {
			isa = PBXNativeTarget;
			buildConfigurationList = 82BE39601E466B17006C8A5F /* Build configuration list for PBXNativeTarget "LAHApp" */;
			buildPhases = (
				D389A68C99A1A6DF3E35988B /* [CP] Check Pods Manifest.lock */,
				82BE394A1E466B17006C8A5F /* Sources */,
				82BE394B1E466B17006C8A5F /* Frameworks */,
				82BE394C1E466B17006C8A5F /* Resources */,
				0EEC95F1B6036B79C80012A0 /* [CP] Embed Pods Frameworks */,
				6D6B5A26B8E6A6A71B138A0B /* [CP] Copy Pods Resources */,
			);
			buildRules = (
			);
			dependencies = (
			);
			name = LAHApp;
			productName = LAHApp;
			productReference = 82BE394E1E466B17006C8A5F /* LAHApp.app */;
			productType = "com.apple.product-type.application";
		};
/* End PBXNativeTarget section */

/* Begin PBXProject section */
		82BE39461E466B17006C8A5F /* Project object */ = {
			isa = PBXProject;
			attributes = {
				LastSwiftUpdateCheck = 0820;
				LastUpgradeCheck = 0820;
				ORGANIZATIONNAME = com.example;
				TargetAttributes = {
					82BE394D1E466B17006C8A5F = {
						CreatedOnToolsVersion = 8.2;
						DevelopmentTeam = 5ABR29YEK9;
						LastSwiftMigration = 0820;
						ProvisioningStyle = Automatic;
					};
				};
			};
			buildConfigurationList = 82BE39491E466B17006C8A5F /* Build configuration list for PBXProject "LAHApp" */;
			compatibilityVersion = "Xcode 3.2";
			developmentRegion = English;
			hasScannedForEncodings = 0;
			knownRegions = (
				en,
				Base,
			);
			mainGroup = 82BE39451E466B17006C8A5F;
			productRefGroup = 82BE394F1E466B17006C8A5F /* Products */;
			projectDirPath = "";
			projectRoot = "";
			targets = (
				82BE394D1E466B17006C8A5F /* LAHApp */,
			);
		};
/* End PBXProject section */

/* Begin PBXResourcesBuildPhase section */
		82BE394C1E466B17006C8A5F /* Resources */ = {
			isa = PBXResourcesBuildPhase;
			buildActionMask = 2147483647;
			files = (
				82BE395C1E466B17006C8A5F /* LaunchScreen.storyboard in Resources */,
				82BE39591E466B17006C8A5F /* Assets.xcassets in Resources */,
				82BE39571E466B17006C8A5F /* Main.storyboard in Resources */,
			);
			runOnlyForDeploymentPostprocessing = 0;
		};
/* End PBXResourcesBuildPhase section */

/* Begin PBXShellScriptBuildPhase section */
		0EEC95F1B6036B79C80012A0 /* [CP] Embed Pods Frameworks */ = {
			isa = PBXShellScriptBuildPhase;
			buildActionMask = 2147483647;
			files = (
			);
			inputPaths = (
			);
			name = "[CP] Embed Pods Frameworks";
			outputPaths = (
			);
			runOnlyForDeploymentPostprocessing = 0;
			shellPath = /bin/sh;
			shellScript = "\"${SRCROOT}/Pods/Target Support Files/Pods-LAHApp/Pods-LAHApp-frameworks.sh\"\n";
			showEnvVarsInLog = 0;
		};
		6D6B5A26B8E6A6A71B138A0B /* [CP] Copy Pods Resources */ = {
			isa = PBXShellScriptBuildPhase;
			buildActionMask = 2147483647;
			files = (
			);
			inputPaths = (
			);
			name = "[CP] Copy Pods Resources";
			outputPaths = (
			);
			runOnlyForDeploymentPostprocessing = 0;
			shellPath = /bin/sh;
			shellScript = "\"${SRCROOT}/Pods/Target Support Files/Pods-LAHApp/Pods-LAHApp-resources.sh\"\n";
			showEnvVarsInLog = 0;
		};
		D389A68C99A1A6DF3E35988B /* [CP] Check Pods Manifest.lock */ = {
			isa = PBXShellScriptBuildPhase;
			buildActionMask = 2147483647;
			files = (
			);
			inputPaths = (
			);
			name = "[CP] Check Pods Manifest.lock";
			outputPaths = (
			);
			runOnlyForDeploymentPostprocessing = 0;
			shellPath = /bin/sh;
			shellScript = "diff \"${PODS_ROOT}/../Podfile.lock\" \"${PODS_ROOT}/Manifest.lock\" > /dev/null\nif [[ $? != 0 ]] ; then\n    cat << EOM\nerror: The sandbox is not in sync with the Podfile.lock. Run 'pod install' or update your CocoaPods installation.\nEOM\n    exit 1\nfi\n";
			showEnvVarsInLog = 0;
		};
/* End PBXShellScriptBuildPhase section */

/* Begin PBXSourcesBuildPhase section */
		82BE394A1E466B17006C8A5F /* Sources */ = {
			isa = PBXSourcesBuildPhase;
			buildActionMask = 2147483647;
			files = (
				820A4D191E467BDF002105D4 /* FriendViewController.swift in Sources */,
				820A4D0F1E466F70002105D4 /* LoginViewController.swift in Sources */,
				820A4D1E1E468166002105D4 /* Transaction.swift in Sources */,
				820A4D111E46758A002105D4 /* FriendsListTableViewController.swift in Sources */,
				820A4D171E467724002105D4 /* FriendTableViewCell.swift in Sources */,
				82BE39521E466B17006C8A5F /* AppDelegate.swift in Sources */,
				820A4D0D1E466DD9002105D4 /* DashboardViewController.swift in Sources */,
				820A4D1C1E467F3E002105D4 /* User.swift in Sources */,
			);
			runOnlyForDeploymentPostprocessing = 0;
		};
/* End PBXSourcesBuildPhase section */

/* Begin PBXVariantGroup section */
		82BE39551E466B17006C8A5F /* Main.storyboard */ = {
			isa = PBXVariantGroup;
			children = (
				82BE39561E466B17006C8A5F /* Base */,
			);
			name = Main.storyboard;
			sourceTree = "<group>";
		};
		82BE395A1E466B17006C8A5F /* LaunchScreen.storyboard */ = {
			isa = PBXVariantGroup;
			children = (
				82BE395B1E466B17006C8A5F /* Base */,
			);
			name = LaunchScreen.storyboard;
			sourceTree = "<group>";
		};
/* End PBXVariantGroup section */

/* Begin XCBuildConfiguration section */
		82BE395E1E466B17006C8A5F /* Debug */ = {
			isa = XCBuildConfiguration;
			buildSettings = {
				ALWAYS_SEARCH_USER_PATHS = NO;
				CLANG_ANALYZER_NONNULL = YES;
				CLANG_CXX_LANGUAGE_STANDARD = "gnu++0x";
				CLANG_CXX_LIBRARY = "libc++";
				CLANG_ENABLE_MODULES = YES;
				CLANG_ENABLE_OBJC_ARC = YES;
				CLANG_WARN_BOOL_CONVERSION = YES;
				CLANG_WARN_CONSTANT_CONVERSION = YES;
				CLANG_WARN_DIRECT_OBJC_ISA_USAGE = YES_ERROR;
				CLANG_WARN_DOCUMENTATION_COMMENTS = YES;
				CLANG_WARN_EMPTY_BODY = YES;
				CLANG_WARN_ENUM_CONVERSION = YES;
				CLANG_WARN_INFINITE_RECURSION = YES;
				CLANG_WARN_INT_CONVERSION = YES;
				CLANG_WARN_OBJC_ROOT_CLASS = YES_ERROR;
				CLANG_WARN_SUSPICIOUS_MOVE = YES;
				CLANG_WARN_UNREACHABLE_CODE = YES;
				CLANG_WARN__DUPLICATE_METHOD_MATCH = YES;
				"CODE_SIGN_IDENTITY[sdk=iphoneos*]" = "iPhone Developer";
				COPY_PHASE_STRIP = NO;
				DEBUG_INFORMATION_FORMAT = dwarf;
				ENABLE_STRICT_OBJC_MSGSEND = YES;
				ENABLE_TESTABILITY = YES;
				GCC_C_LANGUAGE_STANDARD = gnu99;
				GCC_DYNAMIC_NO_PIC = NO;
				GCC_NO_COMMON_BLOCKS = YES;
				GCC_OPTIMIZATION_LEVEL = 0;
				GCC_PREPROCESSOR_DEFINITIONS = (
					"DEBUG=1",
					"$(inherited)",
				);
				GCC_WARN_64_TO_32_BIT_CONVERSION = YES;
				GCC_WARN_ABOUT_RETURN_TYPE = YES_ERROR;
				GCC_WARN_UNDECLARED_SELECTOR = YES;
				GCC_WARN_UNINITIALIZED_AUTOS = YES_AGGRESSIVE;
				GCC_WARN_UNUSED_FUNCTION = YES;
				GCC_WARN_UNUSED_VARIABLE = YES;
				IPHONEOS_DEPLOYMENT_TARGET = 10.2;
				MTL_ENABLE_DEBUG_INFO = YES;
				ONLY_ACTIVE_ARCH = YES;
				SDKROOT = iphoneos;
				SWIFT_ACTIVE_COMPILATION_CONDITIONS = DEBUG;
				SWIFT_OPTIMIZATION_LEVEL = "-Onone";
			};
			name = Debug;
		};
		82BE395F1E466B17006C8A5F /* Release */ = {
			isa = XCBuildConfiguration;
			buildSettings = {
				ALWAYS_SEARCH_USER_PATHS = NO;
				CLANG_ANALYZER_NONNULL = YES;
				CLANG_CXX_LANGUAGE_STANDARD = "gnu++0x";
				CLANG_CXX_LIBRARY = "libc++";
				CLANG_ENABLE_MODULES = YES;
				CLANG_ENABLE_OBJC_ARC = YES;
				CLANG_WARN_BOOL_CONVERSION = YES;
				CLANG_WARN_CONSTANT_CONVERSION = YES;
				CLANG_WARN_DIRECT_OBJC_ISA_USAGE = YES_ERROR;
				CLANG_WARN_DOCUMENTATION_COMMENTS = YES;
				CLANG_WARN_EMPTY_BODY = YES;
				CLANG_WARN_ENUM_CONVERSION = YES;
				CLANG_WARN_INFINITE_RECURSION = YES;
				CLANG_WARN_INT_CONVERSION = YES;
				CLANG_WARN_OBJC_ROOT_CLASS = YES_ERROR;
				CLANG_WARN_SUSPICIOUS_MOVE = YES;
				CLANG_WARN_UNREACHABLE_CODE = YES;
				CLANG_WARN__DUPLICATE_METHOD_MATCH = YES;
				"CODE_SIGN_IDENTITY[sdk=iphoneos*]" = "iPhone Developer";
				COPY_PHASE_STRIP = NO;
				DEBUG_INFORMATION_FORMAT = "dwarf-with-dsym";
				ENABLE_NS_ASSERTIONS = NO;
				ENABLE_STRICT_OBJC_MSGSEND = YES;
				GCC_C_LANGUAGE_STANDARD = gnu99;
				GCC_NO_COMMON_BLOCKS = YES;
				GCC_WARN_64_TO_32_BIT_CONVERSION = YES;
				GCC_WARN_ABOUT_RETURN_TYPE = YES_ERROR;
				GCC_WARN_UNDECLARED_SELECTOR = YES;
				GCC_WARN_UNINITIALIZED_AUTOS = YES_AGGRESSIVE;
				GCC_WARN_UNUSED_FUNCTION = YES;
				GCC_WARN_UNUSED_VARIABLE = YES;
				IPHONEOS_DEPLOYMENT_TARGET = 10.2;
				MTL_ENABLE_DEBUG_INFO = NO;
				SDKROOT = iphoneos;
				SWIFT_OPTIMIZATION_LEVEL = "-Owholemodule";
				VALIDATE_PRODUCT = YES;
			};
			name = Release;
		};
		82BE39611E466B17006C8A5F /* Debug */ = {
			isa = XCBuildConfiguration;
			baseConfigurationReference = 365A550680ADDB2273FDF3F9 /* Pods-LAHApp.debug.xcconfig */;
			buildSettings = {
				ASSETCATALOG_COMPILER_APPICON_NAME = AppIcon;
				DEVELOPMENT_TEAM = 5ABR29YEK9;
				INFOPLIST_FILE = LAHApp/Info.plist;
				LD_RUNPATH_SEARCH_PATHS = "$(inherited) @executable_path/Frameworks";
				PRODUCT_BUNDLE_IDENTIFIER = com.duancaro.LAHApp;
				PRODUCT_NAME = "$(TARGET_NAME)";
				SWIFT_VERSION = 3.0;
			};
			name = Debug;
		};
		82BE39621E466B17006C8A5F /* Release */ = {
			isa = XCBuildConfiguration;
			baseConfigurationReference = 05D18E5B0126146AC5B59CEB /* Pods-LAHApp.release.xcconfig */;
			buildSettings = {
				ASSETCATALOG_COMPILER_APPICON_NAME = AppIcon;
				DEVELOPMENT_TEAM = 5ABR29YEK9;
				INFOPLIST_FILE = LAHApp/Info.plist;
				LD_RUNPATH_SEARCH_PATHS = "$(inherited) @executable_path/Frameworks";
				PRODUCT_BUNDLE_IDENTIFIER = com.duancaro.LAHApp;
				PRODUCT_NAME = "$(TARGET_NAME)";
				SWIFT_VERSION = 3.0;
			};
			name = Release;
		};
/* End XCBuildConfiguration section */

/* Begin XCConfigurationList section */
		82BE39491E466B17006C8A5F /* Build configuration list for PBXProject "LAHApp" */ = {
			isa = XCConfigurationList;
			buildConfigurations = (
				82BE395E1E466B17006C8A5F /* Debug */,
				82BE395F1E466B17006C8A5F /* Release */,
			);
			defaultConfigurationIsVisible = 0;
			defaultConfigurationName = Release;
		};
		82BE39601E466B17006C8A5F /* Build configuration list for PBXNativeTarget "LAHApp" */ = {
			isa = XCConfigurationList;
			buildConfigurations = (
				82BE39611E466B17006C8A5F /* Debug */,
				82BE39621E466B17006C8A5F /* Release */,
			);
			defaultConfigurationIsVisible = 0;
			defaultConfigurationName = Release;
		};
/* End XCConfigurationList section */
	};
	rootObject = 82BE39461E466B17006C8A5F /* Project object */;
}
